
Microsoft Visual Studio Solution File, Format Version 12.00
# Visual Studio Version 17
VisualStudioVersion = 17.9.34607.119
MinimumVisualStudioVersion = 10.0.40219.1
Project("{FAE04EC0-301F-11D3-BF4B-00C04F79EFBC}") = "Popelyuk_Egor_Kval_Exam", "Popelyuk_Egor_Kval_Exam\Popelyuk_Egor_Kval_Exam.csproj", "{E13752B7-799F-425D-B591-8581B036E560}"
EndProject
Global
	GlobalSection(SolutionConfigurationPlatforms) = preSolution
		Debug|Any CPU = Debug|Any CPU
		Release|Any CPU = Release|Any CPU
	EndGlobalSection
	GlobalSection(ProjectConfigurationPlatforms) = postSolution
		{E13752B7-799F-425D-B591-8581B036E560}.Debug|Any CPU.ActiveCfg = Debug|Any CPU
		{E13752B7-799F-425D-B591-8581B036E560}.Debug|Any CPU.Build.0 = Debug|Any CPU
		{E13752B7-799F-425D-B591-8581B036E560}.Release|Any CPU.ActiveCfg = Release|Any CPU
		{E13752B7-799F-425D-B591-8581B036E560}.Release|Any CPU.Build.0 = Release|Any CPU
	EndGlobalSection
	GlobalSection(SolutionProperties) = preSolution
		HideSolutionNode = FALSE
	EndGlobalSection
	GlobalSection(ExtensibilityGlobals) = postSolution
		SolutionGuid = {16BC8F9F-0B16-40C4-8FAE-A301E18AC1A6}
	EndGlobalSection
EndGlobal
